// !$*UTF8*$!
{
	archiveVersion = 1;
	classes = {
	};
	objectVersion = 55;
	objects = {

/* Begin PBXBuildFile section */
		6AC5D30D274B725B0023B7B7 /* main.cpp in Sources */ = {isa = PBXBuildFile; fileRef = 6AC5D30C274B725B0023B7B7 /* main.cpp */; };
		6AC5D318274B75E30023B7B7 /* main.cpp in Sources */ = {isa = PBXBuildFile; fileRef = 6AC5D317274B75E30023B7B7 /* main.cpp */; };
		6AC5D323274B76D40023B7B7 /* main.cpp in Sources */ = {isa = PBXBuildFile; fileRef = 6AC5D322274B76D40023B7B7 /* main.cpp */; };
		BF9E422927488D8400C0F5A3 /* main.cpp in Sources */ = {isa = PBXBuildFile; fileRef = BF9E422827488D8400C0F5A3 /* main.cpp */; };
		BFD924C1274288AC005B7DCC /* main.cpp in Sources */ = {isa = PBXBuildFile; fileRef = BFD924C0274288AC005B7DCC /* main.cpp */; };
		BFD924E22742897D005B7DCC /* main.cpp in Sources */ = {isa = PBXBuildFile; fileRef = BFD924E12742897D005B7DCC /* main.cpp */; };
/* End PBXBuildFile section */

/* Begin PBXCopyFilesBuildPhase section */
		6AC5D308274B725A0023B7B7 /* CopyFiles */ = {
			isa = PBXCopyFilesBuildPhase;
			buildActionMask = 2147483647;
			dstPath = /usr/share/man/man1/;
			dstSubfolderSpec = 0;
			files = (
			);
			runOnlyForDeploymentPostprocessing = 1;
		};
		6AC5D313274B75E30023B7B7 /* CopyFiles */ = {
			isa = PBXCopyFilesBuildPhase;
			buildActionMask = 2147483647;
			dstPath = /usr/share/man/man1/;
			dstSubfolderSpec = 0;
			files = (
			);
			runOnlyForDeploymentPostprocessing = 1;
		};
		6AC5D31E274B76D40023B7B7 /* CopyFiles */ = {
			isa = PBXCopyFilesBuildPhase;
			buildActionMask = 2147483647;
			dstPath = /usr/share/man/man1/;
			dstSubfolderSpec = 0;
			files = (
			);
			runOnlyForDeploymentPostprocessing = 1;
		};
		BF9E422427488D8400C0F5A3 /* CopyFiles */ = {
			isa = PBXCopyFilesBuildPhase;
			buildActionMask = 2147483647;
			dstPath = /usr/share/man/man1/;
			dstSubfolderSpec = 0;
			files = (
			);
			runOnlyForDeploymentPostprocessing = 1;
		};
		BFD924BB274288AC005B7DCC /* CopyFiles */ = {
			isa = PBXCopyFilesBuildPhase;
			buildActionMask = 2147483647;
			dstPath = /usr/share/man/man1/;
			dstSubfolderSpec = 0;
			files = (
			);
			runOnlyForDeploymentPostprocessing = 1;
		};
		BFD924DD2742897D005B7DCC /* CopyFiles */ = {
			isa = PBXCopyFilesBuildPhase;
			buildActionMask = 2147483647;
			dstPath = /usr/share/man/man1/;
			dstSubfolderSpec = 0;
			files = (
			);
			runOnlyForDeploymentPostprocessing = 1;
		};
/* End PBXCopyFilesBuildPhase section */

/* Begin PBXFileReference section */
		6AC5D30A274B725A0023B7B7 /* P1425 小鱼的游泳时间 */ = {isa = PBXFileReference; explicitFileType = "compiled.mach-o.executable"; includeInIndex = 0; path = "P1425 小鱼的游泳时间"; sourceTree = BUILT_PRODUCTS_DIR; };
		6AC5D30C274B725B0023B7B7 /* main.cpp */ = {isa = PBXFileReference; lastKnownFileType = sourcecode.cpp.cpp; path = main.cpp; sourceTree = "<group>"; };
		6AC5D315274B75E30023B7B7 /* P4413 [COCI2006-2007#2] R2 */ = {isa = PBXFileReference; explicitFileType = "compiled.mach-o.executable"; includeInIndex = 0; path = "P4413 [COCI2006-2007#2] R2"; sourceTree = BUILT_PRODUCTS_DIR; };
		6AC5D317274B75E30023B7B7 /* main.cpp */ = {isa = PBXFileReference; lastKnownFileType = sourcecode.cpp.cpp; path = main.cpp; sourceTree = "<group>"; };
		6AC5D320274B76D40023B7B7 /* P1420 最长连号 */ = {isa = PBXFileReference; explicitFileType = "compiled.mach-o.executable"; includeInIndex = 0; path = "P1420 最长连号"; sourceTree = BUILT_PRODUCTS_DIR; };
		6AC5D322274B76D40023B7B7 /* main.cpp */ = {isa = PBXFileReference; lastKnownFileType = sourcecode.cpp.cpp; path = main.cpp; sourceTree = "<group>"; };
		BF9E422627488D8400C0F5A3 /* P1421小玉买文具 */ = {isa = PBXFileReference; explicitFileType = "compiled.mach-o.executable"; includeInIndex = 0; path = "P1421小玉买文具"; sourceTree = BUILT_PRODUCTS_DIR; };
		BF9E422827488D8400C0F5A3 /* main.cpp */ = {isa = PBXFileReference; lastKnownFileType = sourcecode.cpp.cpp; path = main.cpp; sourceTree = "<group>"; };
		BFD924BD274288AC005B7DCC /* CPPAlgorithm */ = {isa = PBXFileReference; explicitFileType = "compiled.mach-o.executable"; includeInIndex = 0; path = CPPAlgorithm; sourceTree = BUILT_PRODUCTS_DIR; };
		BFD924C0274288AC005B7DCC /* main.cpp */ = {isa = PBXFileReference; lastKnownFileType = sourcecode.cpp.cpp; path = main.cpp; sourceTree = "<group>"; };
		BFD924DF2742897D005B7DCC /* 1两数之和 */ = {isa = PBXFileReference; explicitFileType = "compiled.mach-o.executable"; includeInIndex = 0; path = "1两数之和"; sourceTree = BUILT_PRODUCTS_DIR; };
		BFD924E12742897D005B7DCC /* main.cpp */ = {isa = PBXFileReference; lastKnownFileType = sourcecode.cpp.cpp; path = main.cpp; sourceTree = "<group>"; };
/* End PBXFileReference section */

/* Begin PBXFrameworksBuildPhase section */
		6AC5D307274B725A0023B7B7 /* Frameworks */ = {
			isa = PBXFrameworksBuildPhase;
			buildActionMask = 2147483647;
			files = (
			);
			runOnlyForDeploymentPostprocessing = 0;
		};
		6AC5D312274B75E30023B7B7 /* Frameworks */ = {
			isa = PBXFrameworksBuildPhase;
			buildActionMask = 2147483647;
			files = (
			);
			runOnlyForDeploymentPostprocessing = 0;
		};
		6AC5D31D274B76D40023B7B7 /* Frameworks */ = {
			isa = PBXFrameworksBuildPhase;
			buildActionMask = 2147483647;
			files = (
			);
			runOnlyForDeploymentPostprocessing = 0;
		};
		BF9E422327488D8400C0F5A3 /* Frameworks */ = {
			isa = PBXFrameworksBuildPhase;
			buildActionMask = 2147483647;
			files = (
			);
			runOnlyForDeploymentPostprocessing = 0;
		};
		BFD924BA274288AC005B7DCC /* Frameworks */ = {
			isa = PBXFrameworksBuildPhase;
			buildActionMask = 2147483647;
			files = (
			);
			runOnlyForDeploymentPostprocessing = 0;
		};
		BFD924DC2742897D005B7DCC /* Frameworks */ = {
			isa = PBXFrameworksBuildPhase;
			buildActionMask = 2147483647;
			files = (
			);
			runOnlyForDeploymentPostprocessing = 0;
		};
/* End PBXFrameworksBuildPhase section */

/* Begin PBXGroup section */
		6AC5D30B274B725B0023B7B7 /* P1425 小鱼的游泳时间 */ = {
			isa = PBXGroup;
			children = (
				6AC5D30C274B725B0023B7B7 /* main.cpp */,
			);
			path = "P1425 小鱼的游泳时间";
			sourceTree = "<group>";
		};
		6AC5D316274B75E30023B7B7 /* P4413 [COCI2006-2007#2] R2 */ = {
			isa = PBXGroup;
			children = (
				6AC5D317274B75E30023B7B7 /* main.cpp */,
			);
			path = "P4413 [COCI2006-2007#2] R2";
			sourceTree = "<group>";
		};
		6AC5D321274B76D40023B7B7 /* P1420 最长连号 */ = {
			isa = PBXGroup;
			children = (
				6AC5D322274B76D40023B7B7 /* main.cpp */,
			);
			path = "P1420 最长连号";
			sourceTree = "<group>";
		};
		BF9E422727488D8400C0F5A3 /* P1421小玉买文具 */ = {
			isa = PBXGroup;
			children = (
				BF9E422827488D8400C0F5A3 /* main.cpp */,
			);
			path = "P1421小玉买文具";
			sourceTree = "<group>";
		};
		BFD924B4274288AC005B7DCC = {
			isa = PBXGroup;
			children = (
				BFD924BF274288AC005B7DCC /* CPPAlgorithm */,
				BFD924E02742897D005B7DCC /* 1两数之和 */,
				BF9E422727488D8400C0F5A3 /* P1421小玉买文具 */,
				6AC5D30B274B725B0023B7B7 /* P1425 小鱼的游泳时间 */,
				6AC5D316274B75E30023B7B7 /* P4413 [COCI2006-2007#2] R2 */,
				6AC5D321274B76D40023B7B7 /* P1420 最长连号 */,
				BFD924BE274288AC005B7DCC /* Products */,
			);
			sourceTree = "<group>";
		};
		BFD924BE274288AC005B7DCC /* Products */ = {
			isa = PBXGroup;
			children = (
				BFD924BD274288AC005B7DCC /* CPPAlgorithm */,
				BFD924DF2742897D005B7DCC /* 1两数之和 */,
				BF9E422627488D8400C0F5A3 /* P1421小玉买文具 */,
				6AC5D30A274B725A0023B7B7 /* P1425 小鱼的游泳时间 */,
				6AC5D315274B75E30023B7B7 /* P4413 [COCI2006-2007#2] R2 */,
				6AC5D320274B76D40023B7B7 /* P1420 最长连号 */,
			);
			name = Products;
			sourceTree = "<group>";
		};
		BFD924BF274288AC005B7DCC /* CPPAlgorithm */ = {
			isa = PBXGroup;
			children = (
				BFD924C0274288AC005B7DCC /* main.cpp */,
			);
			path = CPPAlgorithm;
			sourceTree = "<group>";
		};
		BFD924E02742897D005B7DCC /* 1两数之和 */ = {
			isa = PBXGroup;
			children = (
				BFD924E12742897D005B7DCC /* main.cpp */,
			);
			path = "1两数之和";
			sourceTree = "<group>";
		};
/* End PBXGroup section */

/* Begin PBXNativeTarget section */
		6AC5D309274B725A0023B7B7 /* P1425 小鱼的游泳时间 */ = {
			isa = PBXNativeTarget;
			buildConfigurationList = 6AC5D310274B725B0023B7B7 /* Build configuration list for PBXNativeTarget "P1425 小鱼的游泳时间" */;
			buildPhases = (
				6AC5D306274B725A0023B7B7 /* Sources */,
				6AC5D307274B725A0023B7B7 /* Frameworks */,
				6AC5D308274B725A0023B7B7 /* CopyFiles */,
			);
			buildRules = (
			);
			dependencies = (
			);
			name = "P1425 小鱼的游泳时间";
			productName = "P1425 小鱼的游泳时间";
			productReference = 6AC5D30A274B725A0023B7B7 /* P1425 小鱼的游泳时间 */;
			productType = "com.apple.product-type.tool";
		};
		6AC5D314274B75E30023B7B7 /* P4413 [COCI2006-2007#2] R2 */ = {
			isa = PBXNativeTarget;
			buildConfigurationList = 6AC5D319274B75E30023B7B7 /* Build configuration list for PBXNativeTarget "P4413 [COCI2006-2007#2] R2" */;
			buildPhases = (
				6AC5D311274B75E30023B7B7 /* Sources */,
				6AC5D312274B75E30023B7B7 /* Frameworks */,
				6AC5D313274B75E30023B7B7 /* CopyFiles */,
			);
			buildRules = (
			);
			dependencies = (
			);
			name = "P4413 [COCI2006-2007#2] R2";
			productName = "P4413 [COCI2006-2007#2] R2";
			productReference = 6AC5D315274B75E30023B7B7 /* P4413 [COCI2006-2007#2] R2 */;
			productType = "com.apple.product-type.tool";
		};
		6AC5D31F274B76D40023B7B7 /* P1420 最长连号 */ = {
			isa = PBXNativeTarget;
			buildConfigurationList = 6AC5D324274B76D40023B7B7 /* Build configuration list for PBXNativeTarget "P1420 最长连号" */;
			buildPhases = (
				6AC5D31C274B76D40023B7B7 /* Sources */,
				6AC5D31D274B76D40023B7B7 /* Frameworks */,
				6AC5D31E274B76D40023B7B7 /* CopyFiles */,
			);
			buildRules = (
			);
			dependencies = (
			);
			name = "P1420 最长连号";
			productName = "P1420 最长连号";
			productReference = 6AC5D320274B76D40023B7B7 /* P1420 最长连号 */;
			productType = "com.apple.product-type.tool";
		};
		BF9E422527488D8400C0F5A3 /* P1421小玉买文具 */ = {
			isa = PBXNativeTarget;
			buildConfigurationList = BF9E422C27488D8400C0F5A3 /* Build configuration list for PBXNativeTarget "P1421小玉买文具" */;
			buildPhases = (
				BF9E422227488D8400C0F5A3 /* Sources */,
				BF9E422327488D8400C0F5A3 /* Frameworks */,
				BF9E422427488D8400C0F5A3 /* CopyFiles */,
			);
			buildRules = (
			);
			dependencies = (
			);
			name = "P1421小玉买文具";
			productName = "P1421小玉买文具";
			productReference = BF9E422627488D8400C0F5A3 /* P1421小玉买文具 */;
			productType = "com.apple.product-type.tool";
		};
		BFD924BC274288AC005B7DCC /* CPPAlgorithm */ = {
			isa = PBXNativeTarget;
			buildConfigurationList = BFD924C4274288AC005B7DCC /* Build configuration list for PBXNativeTarget "CPPAlgorithm" */;
			buildPhases = (
				BFD924B9274288AC005B7DCC /* Sources */,
				BFD924BA274288AC005B7DCC /* Frameworks */,
				BFD924BB274288AC005B7DCC /* CopyFiles */,
			);
			buildRules = (
			);
			dependencies = (
			);
			name = CPPAlgorithm;
			productName = CPPAlgorithm;
			productReference = BFD924BD274288AC005B7DCC /* CPPAlgorithm */;
			productType = "com.apple.product-type.tool";
		};
		BFD924DE2742897D005B7DCC /* 1两数之和 */ = {
			isa = PBXNativeTarget;
			buildConfigurationList = BFD924E32742897D005B7DCC /* Build configuration list for PBXNativeTarget "1两数之和" */;
			buildPhases = (
				BFD924DB2742897D005B7DCC /* Sources */,
				BFD924DC2742897D005B7DCC /* Frameworks */,
				BFD924DD2742897D005B7DCC /* CopyFiles */,
			);
			buildRules = (
			);
			dependencies = (
			);
			name = "1两数之和";
			productName = "1两数之和";
			productReference = BFD924DF2742897D005B7DCC /* 1两数之和 */;
			productType = "com.apple.product-type.tool";
		};
/* End PBXNativeTarget section */

/* Begin PBXProject section */
		BFD924B5274288AC005B7DCC /* Project object */ = {
			isa = PBXProject;
			attributes = {
				BuildIndependentTargetsInParallel = 1;
				LastUpgradeCheck = 1310;
				TargetAttributes = {
					6AC5D309274B725A0023B7B7 = {
						CreatedOnToolsVersion = 13.1;
					};
					6AC5D314274B75E30023B7B7 = {
						CreatedOnToolsVersion = 13.1;
					};
					6AC5D31F274B76D40023B7B7 = {
						CreatedOnToolsVersion = 13.1;
					};
					BF9E422527488D8400C0F5A3 = {
						CreatedOnToolsVersion = 13.1;
					};
					BFD924BC274288AC005B7DCC = {
						CreatedOnToolsVersion = 13.1;
					};
					BFD924DE2742897D005B7DCC = {
						CreatedOnToolsVersion = 13.1;
					};
				};
			};
			buildConfigurationList = BFD924B8274288AC005B7DCC /* Build configuration list for PBXProject "CPPAlgorithm" */;
			compatibilityVersion = "Xcode 13.0";
			developmentRegion = en;
			hasScannedForEncodings = 0;
			knownRegions = (
				en,
				Base,
			);
			mainGroup = BFD924B4274288AC005B7DCC;
			productRefGroup = BFD924BE274288AC005B7DCC /* Products */;
			projectDirPath = "";
			projectRoot = "";
			targets = (
				BFD924BC274288AC005B7DCC /* CPPAlgorithm */,
				BFD924DE2742897D005B7DCC /* 1两数之和 */,
				BF9E422527488D8400C0F5A3 /* P1421小玉买文具 */,
				6AC5D309274B725A0023B7B7 /* P1425 小鱼的游泳时间 */,
				6AC5D314274B75E30023B7B7 /* P4413 [COCI2006-2007#2] R2 */,
				6AC5D31F274B76D40023B7B7 /* P1420 最长连号 */,
			);
		};
/* End PBXProject section */

/* Begin PBXSourcesBuildPhase section */
		6AC5D306274B725A0023B7B7 /* Sources */ = {
			isa = PBXSourcesBuildPhase;
			buildActionMask = 2147483647;
			files = (
				6AC5D30D274B725B0023B7B7 /* main.cpp in Sources */,
			);
			runOnlyForDeploymentPostprocessing = 0;
		};
		6AC5D311274B75E30023B7B7 /* Sources */ = {
			isa = PBXSourcesBuildPhase;
			buildActionMask = 2147483647;
			files = (
				6AC5D318274B75E30023B7B7 /* main.cpp in Sources */,
			);
			runOnlyForDeploymentPostprocessing = 0;
		};
		6AC5D31C274B76D40023B7B7 /* Sources */ = {
			isa = PBXSourcesBuildPhase;
			buildActionMask = 2147483647;
			files = (
				6AC5D323274B76D40023B7B7 /* main.cpp in Sources */,
			);
			runOnlyForDeploymentPostprocessing = 0;
		};
		BF9E422227488D8400C0F5A3 /* Sources */ = {
			isa = PBXSourcesBuildPhase;
			buildActionMask = 2147483647;
			files = (
				BF9E422927488D8400C0F5A3 /* main.cpp in Sources */,
			);
			runOnlyForDeploymentPostprocessing = 0;
		};
		BFD924B9274288AC005B7DCC /* Sources */ = {
			isa = PBXSourcesBuildPhase;
			buildActionMask = 2147483647;
			files = (
				BFD924C1274288AC005B7DCC /* main.cpp in Sources */,
			);
			runOnlyForDeploymentPostprocessing = 0;
		};
		BFD924DB2742897D005B7DCC /* Sources */ = {
			isa = PBXSourcesBuildPhase;
			buildActionMask = 2147483647;
			files = (
				BFD924E22742897D005B7DCC /* main.cpp in Sources */,
			);
			runOnlyForDeploymentPostprocessing = 0;
		};
/* End PBXSourcesBuildPhase section */

/* Begin XCBuildConfiguration section */
		6AC5D30E274B725B0023B7B7 /* Debug */ = {
			isa = XCBuildConfiguration;
			buildSettings = {
				CODE_SIGN_STYLE = Automatic;
				DEVELOPMENT_TEAM = 4XP6U9X87N;
				ENABLE_HARDENED_RUNTIME = YES;
				PRODUCT_NAME = "$(TARGET_NAME)";
			};
			name = Debug;
		};
		6AC5D30F274B725B0023B7B7 /* Release */ = {
			isa = XCBuildConfiguration;
			buildSettings = {
				CODE_SIGN_STYLE = Automatic;
				DEVELOPMENT_TEAM = 4XP6U9X87N;
				ENABLE_HARDENED_RUNTIME = YES;
				PRODUCT_NAME = "$(TARGET_NAME)";
			};
			name = Release;
		};
		6AC5D31A274B75E30023B7B7 /* Debug */ = {
			isa = XCBuildConfiguration;
			buildSettings = {
				CODE_SIGN_STYLE = Automatic;
				DEVELOPMENT_TEAM = 4XP6U9X87N;
				ENABLE_HARDENED_RUNTIME = YES;
				PRODUCT_NAME = "$(TARGET_NAME)";
			};
			name = Debug;
		};
		6AC5D31B274B75E30023B7B7 /* Release */ = {
			isa = XCBuildConfiguration;
			buildSettings = {
				CODE_SIGN_STYLE = Automatic;
				DEVELOPMENT_TEAM = 4XP6U9X87N;
				ENABLE_HARDENED_RUNTIME = YES;
				PRODUCT_NAME = "$(TARGET_NAME)";
			};
			name = Release;
		};
		6AC5D325274B76D40023B7B7 /* Debug */ = {
			isa = XCBuildConfiguration;
			buildSettings = {
				CODE_SIGN_STYLE = Automatic;
				DEVELOPMENT_TEAM = 4XP6U9X87N;
				ENABLE_HARDENED_RUNTIME = YES;
				PRODUCT_NAME = "$(TARGET_NAME)";
			};
			name = Debug;
		};
		6AC5D326274B76D40023B7B7 /* Release */ = {
			isa = XCBuildConfiguration;
			buildSettings = {
				CODE_SIGN_STYLE = Automatic;
				DEVELOPMENT_TEAM = 4XP6U9X87N;
				ENABLE_HARDENED_RUNTIME = YES;
				PRODUCT_NAME = "$(TARGET_NAME)";
			};
			name = Release;
		};
		BF9E422A27488D8400C0F5A3 /* Debug */ = {
			isa = XCBuildConfiguration;
			buildSettings = {
				CODE_SIGN_STYLE = Automatic;
				DEVELOPMENT_TEAM = N5ZJ5W7ZL3;
				ENABLE_HARDENED_RUNTIME = YES;
				PRODUCT_NAME = "$(TARGET_NAME)";
			};
			name = Debug;
		};
		BF9E422B27488D8400C0F5A3 /* Release */ = {
			isa = XCBuildConfiguration;
			buildSettings = {
				CODE_SIGN_STYLE = Automatic;
				DEVELOPMENT_TEAM = N5ZJ5W7ZL3;
				ENABLE_HARDENED_RUNTIME = YES;
				PRODUCT_NAME = "$(TARGET_NAME)";
			};
			name = Release;
		};
		BFD924C2274288AC005B7DCC /* Debug */ = {
			isa = XCBuildConfiguration;
			buildSettings = {
				ALWAYS_SEARCH_USER_PATHS = NO;
				CLANG_ANALYZER_NONNULL = YES;
				CLANG_ANALYZER_NUMBER_OBJECT_CONVERSION = YES_AGGRESSIVE;
				CLANG_CXX_LANGUAGE_STANDARD = "gnu++17";
				CLANG_CXX_LIBRARY = "libc++";
				CLANG_ENABLE_MODULES = YES;
				CLANG_ENABLE_OBJC_ARC = YES;
				CLANG_ENABLE_OBJC_WEAK = YES;
				CLANG_WARN_BLOCK_CAPTURE_AUTORELEASING = YES;
				CLANG_WARN_BOOL_CONVERSION = YES;
				CLANG_WARN_COMMA = YES;
				CLANG_WARN_CONSTANT_CONVERSION = YES;
				CLANG_WARN_DEPRECATED_OBJC_IMPLEMENTATIONS = YES;
				CLANG_WARN_DIRECT_OBJC_ISA_USAGE = YES_ERROR;
				CLANG_WARN_DOCUMENTATION_COMMENTS = YES;
				CLANG_WARN_EMPTY_BODY = YES;
				CLANG_WARN_ENUM_CONVERSION = YES;
				CLANG_WARN_INFINITE_RECURSION = YES;
				CLANG_WARN_INT_CONVERSION = YES;
				CLANG_WARN_NON_LITERAL_NULL_CONVERSION = YES;
				CLANG_WARN_OBJC_IMPLICIT_RETAIN_SELF = YES;
				CLANG_WARN_OBJC_LITERAL_CONVERSION = YES;
				CLANG_WARN_OBJC_ROOT_CLASS = YES_ERROR;
				CLANG_WARN_QUOTED_INCLUDE_IN_FRAMEWORK_HEADER = YES;
				CLANG_WARN_RANGE_LOOP_ANALYSIS = YES;
				CLANG_WARN_STRICT_PROTOTYPES = YES;
				CLANG_WARN_SUSPICIOUS_MOVE = YES;
				CLANG_WARN_UNGUARDED_AVAILABILITY = YES_AGGRESSIVE;
				CLANG_WARN_UNREACHABLE_CODE = YES;
				CLANG_WARN__DUPLICATE_METHOD_MATCH = YES;
				COPY_PHASE_STRIP = NO;
				DEBUG_INFORMATION_FORMAT = dwarf;
				ENABLE_STRICT_OBJC_MSGSEND = YES;
				ENABLE_TESTABILITY = YES;
				GCC_C_LANGUAGE_STANDARD = gnu11;
				GCC_DYNAMIC_NO_PIC = NO;
				GCC_NO_COMMON_BLOCKS = YES;
				GCC_OPTIMIZATION_LEVEL = 0;
				GCC_PREPROCESSOR_DEFINITIONS = (
					"DEBUG=1",
					"$(inherited)",
				);
				GCC_WARN_64_TO_32_BIT_CONVERSION = YES;
				GCC_WARN_ABOUT_RETURN_TYPE = YES_ERROR;
				GCC_WARN_UNDECLARED_SELECTOR = YES;
				GCC_WARN_UNINITIALIZED_AUTOS = YES_AGGRESSIVE;
				GCC_WARN_UNUSED_FUNCTION = YES;
				GCC_WARN_UNUSED_VARIABLE = YES;
				MACOSX_DEPLOYMENT_TARGET = 12.0;
				MTL_ENABLE_DEBUG_INFO = INCLUDE_SOURCE;
				MTL_FAST_MATH = YES;
				ONLY_ACTIVE_ARCH = YES;
				SDKROOT = macosx;
			};
			name = Debug;
		};
		BFD924C3274288AC005B7DCC /* Release */ = {
			isa = XCBuildConfiguration;
			buildSettings = {
				ALWAYS_SEARCH_USER_PATHS = NO;
				CLANG_ANALYZER_NONNULL = YES;
				CLANG_ANALYZER_NUMBER_OBJECT_CONVERSION = YES_AGGRESSIVE;
				CLANG_CXX_LANGUAGE_STANDARD = "gnu++17";
				CLANG_CXX_LIBRARY = "libc++";
				CLANG_ENABLE_MODULES = YES;
				CLANG_ENABLE_OBJC_ARC = YES;
				CLANG_ENABLE_OBJC_WEAK = YES;
				CLANG_WARN_BLOCK_CAPTURE_AUTORELEASING = YES;
				CLANG_WARN_BOOL_CONVERSION = YES;
				CLANG_WARN_COMMA = YES;
				CLANG_WARN_CONSTANT_CONVERSION = YES;
				CLANG_WARN_DEPRECATED_OBJC_IMPLEMENTATIONS = YES;
				CLANG_WARN_DIRECT_OBJC_ISA_USAGE = YES_ERROR;
				CLANG_WARN_DOCUMENTATION_COMMENTS = YES;
				CLANG_WARN_EMPTY_BODY = YES;
				CLANG_WARN_ENUM_CONVERSION = YES;
				CLANG_WARN_INFINITE_RECURSION = YES;
				CLANG_WARN_INT_CONVERSION = YES;
				CLANG_WARN_NON_LITERAL_NULL_CONVERSION = YES;
				CLANG_WARN_OBJC_IMPLICIT_RETAIN_SELF = YES;
				CLANG_WARN_OBJC_LITERAL_CONVERSION = YES;
				CLANG_WARN_OBJC_ROOT_CLASS = YES_ERROR;
				CLANG_WARN_QUOTED_INCLUDE_IN_FRAMEWORK_HEADER = YES;
				CLANG_WARN_RANGE_LOOP_ANALYSIS = YES;
				CLANG_WARN_STRICT_PROTOTYPES = YES;
				CLANG_WARN_SUSPICIOUS_MOVE = YES;
				CLANG_WARN_UNGUARDED_AVAILABILITY = YES_AGGRESSIVE;
				CLANG_WARN_UNREACHABLE_CODE = YES;
				CLANG_WARN__DUPLICATE_METHOD_MATCH = YES;
				COPY_PHASE_STRIP = NO;
				DEBUG_INFORMATION_FORMAT = "dwarf-with-dsym";
				ENABLE_NS_ASSERTIONS = NO;
				ENABLE_STRICT_OBJC_MSGSEND = YES;
				GCC_C_LANGUAGE_STANDARD = gnu11;
				GCC_NO_COMMON_BLOCKS = YES;
				GCC_WARN_64_TO_32_BIT_CONVERSION = YES;
				GCC_WARN_ABOUT_RETURN_TYPE = YES_ERROR;
				GCC_WARN_UNDECLARED_SELECTOR = YES;
				GCC_WARN_UNINITIALIZED_AUTOS = YES_AGGRESSIVE;
				GCC_WARN_UNUSED_FUNCTION = YES;
				GCC_WARN_UNUSED_VARIABLE = YES;
				MACOSX_DEPLOYMENT_TARGET = 12.0;
				MTL_ENABLE_DEBUG_INFO = NO;
				MTL_FAST_MATH = YES;
				SDKROOT = macosx;
			};
			name = Release;
		};
		BFD924C5274288AC005B7DCC /* Debug */ = {
			isa = XCBuildConfiguration;
			buildSettings = {
				CODE_SIGN_STYLE = Automatic;
				DEVELOPMENT_TEAM = N5ZJ5W7ZL3;
				ENABLE_HARDENED_RUNTIME = YES;
				PRODUCT_NAME = "$(TARGET_NAME)";
			};
			name = Debug;
		};
		BFD924C6274288AC005B7DCC /* Release */ = {
			isa = XCBuildConfiguration;
			buildSettings = {
				CODE_SIGN_STYLE = Automatic;
				DEVELOPMENT_TEAM = N5ZJ5W7ZL3;
				ENABLE_HARDENED_RUNTIME = YES;
				PRODUCT_NAME = "$(TARGET_NAME)";
			};
			name = Release;
		};
		BFD924E42742897D005B7DCC /* Debug */ = {
			isa = XCBuildConfiguration;
			buildSettings = {
				CODE_SIGN_STYLE = Automatic;
				DEVELOPMENT_TEAM = N5ZJ5W7ZL3;
				ENABLE_HARDENED_RUNTIME = YES;
				PRODUCT_NAME = "$(TARGET_NAME)";
			};
			name = Debug;
		};
		BFD924E52742897D005B7DCC /* Release */ = {
			isa = XCBuildConfiguration;
			buildSettings = {
				CODE_SIGN_STYLE = Automatic;
				DEVELOPMENT_TEAM = N5ZJ5W7ZL3;
				ENABLE_HARDENED_RUNTIME = YES;
				PRODUCT_NAME = "$(TARGET_NAME)";
			};
			name = Release;
		};
/* End XCBuildConfiguration section */

/* Begin XCConfigurationList section */
		6AC5D310274B725B0023B7B7 /* Build configuration list for PBXNativeTarget "P1425 小鱼的游泳时间" */ = {
			isa = XCConfigurationList;
			buildConfigurations = (
				6AC5D30E274B725B0023B7B7 /* Debug */,
				6AC5D30F274B725B0023B7B7 /* Release */,
			);
			defaultConfigurationIsVisible = 0;
			defaultConfigurationName = Release;
		};
		6AC5D319274B75E30023B7B7 /* Build configuration list for PBXNativeTarget "P4413 [COCI2006-2007#2] R2" */ = {
			isa = XCConfigurationList;
			buildConfigurations = (
				6AC5D31A274B75E30023B7B7 /* Debug */,
				6AC5D31B274B75E30023B7B7 /* Release */,
			);
			defaultConfigurationIsVisible = 0;
			defaultConfigurationName = Release;
		};
		6AC5D324274B76D40023B7B7 /* Build configuration list for PBXNativeTarget "P1420 最长连号" */ = {
			isa = XCConfigurationList;
			buildConfigurations = (
				6AC5D325274B76D40023B7B7 /* Debug */,
				6AC5D326274B76D40023B7B7 /* Release */,
			);
			defaultConfigurationIsVisible = 0;
			defaultConfigurationName = Release;
		};
		BF9E422C27488D8400C0F5A3 /* Build configuration list for PBXNativeTarget "P1421小玉买文具" */ = {
			isa = XCConfigurationList;
			buildConfigurations = (
				BF9E422A27488D8400C0F5A3 /* Debug */,
				BF9E422B27488D8400C0F5A3 /* Release */,
			);
			defaultConfigurationIsVisible = 0;
			defaultConfigurationName = Release;
		};
		BFD924B8274288AC005B7DCC /* Build configuration list for PBXProject "CPPAlgorithm" */ = {
			isa = XCConfigurationList;
			buildConfigurations = (
				BFD924C2274288AC005B7DCC /* Debug */,
				BFD924C3274288AC005B7DCC /* Release */,
			);
			defaultConfigurationIsVisible = 0;
			defaultConfigurationName = Release;
		};
		BFD924C4274288AC005B7DCC /* Build configuration list for PBXNativeTarget "CPPAlgorithm" */ = {
			isa = XCConfigurationList;
			buildConfigurations = (
				BFD924C5274288AC005B7DCC /* Debug */,
				BFD924C6274288AC005B7DCC /* Release */,
			);
			defaultConfigurationIsVisible = 0;
			defaultConfigurationName = Release;
		};
		BFD924E32742897D005B7DCC /* Build configuration list for PBXNativeTarget "1两数之和" */ = {
			isa = XCConfigurationList;
			buildConfigurations = (
				BFD924E42742897D005B7DCC /* Debug */,
				BFD924E52742897D005B7DCC /* Release */,
			);
			defaultConfigurationIsVisible = 0;
			defaultConfigurationName = Release;
		};
/* End XCConfigurationList section */
	};
	rootObject = BFD924B5274288AC005B7DCC /* Project object */;
}
